
Microsoft Visual Studio Solution File, Format Version 12.00
# Visual Studio Version 16
VisualStudioVersion = 16.0.30907.101
MinimumVisualStudioVersion = 10.0.40219.1
Project("{9A19103F-16F7-4668-BE54-9A1E7A4F7556}") = "DotNetKit.Misc.Disposables", "DotNetKit.Misc.Disposables.csproj", "{442FD809-65B6-4950-BBF0-B2A8F0C2B41B}"
EndProject
Global
	GlobalSection(SolutionConfigurationPlatforms) = preSolution
		Debug|Any CPU = Debug|Any CPU
		Release|Any CPU = Release|Any CPU
	EndGlobalSection
	GlobalSection(ProjectConfigurationPlatforms) = postSolution
		{442FD809-65B6-4950-BBF0-B2A8F0C2B41B}.Debug|Any CPU.ActiveCfg = Debug|Any CPU
		{442FD809-65B6-4950-BBF0-B2A8F0C2B41B}.Debug|Any CPU.Build.0 = Debug|Any CPU
		{442FD809-65B6-4950-BBF0-B2A8F0C2B41B}.Release|Any CPU.ActiveCfg = Release|Any CPU
		{442FD809-65B6-4950-BBF0-B2A8F0C2B41B}.Release|Any CPU.Build.0 = Release|Any CPU
	EndGlobalSection
	GlobalSection(SolutionProperties) = preSolution
		HideSolutionNode = FALSE
	EndGlobalSection
	GlobalSection(ExtensibilityGlobals) = postSolution
		SolutionGuid = {2C727039-2589-4FB0-9A71-8A9414623112}
	EndGlobalSection
EndGlobal
